
Microsoft Visual Studio Solution File, Format Version 12.00
# Visual Studio 14
VisualStudioVersion = 14.0.24720.0
MinimumVisualStudioVersion = 10.0.40219.1
Project("{FAE04EC0-301F-11D3-BF4B-00C04F79EFBC}") = "01.ReverseString", "ReverseString\01.ReverseString.csproj", "{262808C7-BCAE-43E2-92EC-ADF01FB507B3}"
EndProject
Project("{FAE04EC0-301F-11D3-BF4B-00C04F79EFBC}") = "02.FitIn20Chars", "FitIn20Chars\02.FitIn20Chars.csproj", "{B3D11ABD-390B-4524-AC46-5B5B0E7A038B}"
EndProject
Project("{FAE04EC0-301F-11D3-BF4B-00C04F79EFBC}") = "03.CensoreYourEmail", "CensreYourEmail\03.CensoreYourEmail.csproj", "{C4B4BB04-9E0B-4684-9ADC-40B49A987771}"
EndProject
Project("{FAE04EC0-301F-11D3-BF4B-00C04F79EFBC}") = "04.ExtractSentences", "ExtractSentences\04.ExtractSentences.csproj", "{CC09B94A-4383-4073-940D-9AE756C7D584}"
EndProject
Project("{FAE04EC0-301F-11D3-BF4B-00C04F79EFBC}") = "05.URLParser", "URLParser\05.URLParser.csproj", "{2CF29908-0DC8-43B3-A37D-360C033852A9}"
EndProject
Project("{FAE04EC0-301F-11D3-BF4B-00C04F79EFBC}") = "06.ReverseWordsInSentence", "ReverseWordsInSentence\06.ReverseWordsInSentence.csproj", "{EA2693A4-5623-4E7C-99B7-0B623D8BFE4E}"
EndProject
Project("{FAE04EC0-301F-11D3-BF4B-00C04F79EFBC}") = "07.ChangeToUppercase", "ChangeToUppercase\07.ChangeToUppercase.csproj", "{061F8F56-AA89-4F8C-A0E3-6849E9123FB6}"
EndProject
Project("{FAE04EC0-301F-11D3-BF4B-00C04F79EFBC}") = "08.Palindromes", "Palindromes\08.Palindromes.csproj", "{04C50ABD-EEA6-46A8-B03B-FEEA4DA8C2F4}"
EndProject
Project("{FAE04EC0-301F-11D3-BF4B-00C04F79EFBC}") = "09.Capitalization", "Capitalization\09.Capitalization.csproj", "{F0655F2F-2E17-4CB9-AE5D-1B34286A9C81}"
EndProject
Project("{FAE04EC0-301F-11D3-BF4B-00C04F79EFBC}") = "10.PalindromeIndex", "PalindromeIndex\10.PalindromeIndex.csproj", "{81CD03C2-89FF-431B-8470-EE87758BE455}"
EndProject
Project("{FAE04EC0-301F-11D3-BF4B-00C04F79EFBC}") = "11.CommonStrings", "CommonStrings\11.CommonStrings.csproj", "{12EC10B8-B797-4943-BF3E-CDAA57F36544}"
EndProject
Project("{FAE04EC0-301F-11D3-BF4B-00C04F79EFBC}") = "12.Phonebook", "PhoneBook\12.Phonebook.csproj", "{BB5F226C-928E-4162-87EB-DDE2ADD50791}"
EndProject
Global
	GlobalSection(SolutionConfigurationPlatforms) = preSolution
		Debug|Any CPU = Debug|Any CPU
		Release|Any CPU = Release|Any CPU
	EndGlobalSection
	GlobalSection(ProjectConfigurationPlatforms) = postSolution
		{262808C7-BCAE-43E2-92EC-ADF01FB507B3}.Debug|Any CPU.ActiveCfg = Debug|Any CPU
		{262808C7-BCAE-43E2-92EC-ADF01FB507B3}.Debug|Any CPU.Build.0 = Debug|Any CPU
		{262808C7-BCAE-43E2-92EC-ADF01FB507B3}.Release|Any CPU.ActiveCfg = Release|Any CPU
		{262808C7-BCAE-43E2-92EC-ADF01FB507B3}.Release|Any CPU.Build.0 = Release|Any CPU
		{B3D11ABD-390B-4524-AC46-5B5B0E7A038B}.Debug|Any CPU.ActiveCfg = Debug|Any CPU
		{B3D11ABD-390B-4524-AC46-5B5B0E7A038B}.Debug|Any CPU.Build.0 = Debug|Any CPU
		{B3D11ABD-390B-4524-AC46-5B5B0E7A038B}.Release|Any CPU.ActiveCfg = Release|Any CPU
		{B3D11ABD-390B-4524-AC46-5B5B0E7A038B}.Release|Any CPU.Build.0 = Release|Any CPU
		{C4B4BB04-9E0B-4684-9ADC-40B49A987771}.Debug|Any CPU.ActiveCfg = Debug|Any CPU
		{C4B4BB04-9E0B-4684-9ADC-40B49A987771}.Debug|Any CPU.Build.0 = Debug|Any CPU
		{C4B4BB04-9E0B-4684-9ADC-40B49A987771}.Release|Any CPU.ActiveCfg = Release|Any CPU
		{C4B4BB04-9E0B-4684-9ADC-40B49A987771}.Release|Any CPU.Build.0 = Release|Any CPU
		{CC09B94A-4383-4073-940D-9AE756C7D584}.Debug|Any CPU.ActiveCfg = Debug|Any CPU
		{CC09B94A-4383-4073-940D-9AE756C7D584}.Debug|Any CPU.Build.0 = Debug|Any CPU
		{CC09B94A-4383-4073-940D-9AE756C7D584}.Release|Any CPU.ActiveCfg = Release|Any CPU
		{CC09B94A-4383-4073-940D-9AE756C7D584}.Release|Any CPU.Build.0 = Release|Any CPU
		{2CF29908-0DC8-43B3-A37D-360C033852A9}.Debug|Any CPU.ActiveCfg = Debug|Any CPU
		{2CF29908-0DC8-43B3-A37D-360C033852A9}.Debug|Any CPU.Build.0 = Debug|Any CPU
		{2CF29908-0DC8-43B3-A37D-360C033852A9}.Release|Any CPU.ActiveCfg = Release|Any CPU
		{2CF29908-0DC8-43B3-A37D-360C033852A9}.Release|Any CPU.Build.0 = Release|Any CPU
		{EA2693A4-5623-4E7C-99B7-0B623D8BFE4E}.Debug|Any CPU.ActiveCfg = Debug|Any CPU
		{EA2693A4-5623-4E7C-99B7-0B623D8BFE4E}.Debug|Any CPU.Build.0 = Debug|Any CPU
		{EA2693A4-5623-4E7C-99B7-0B623D8BFE4E}.Release|Any CPU.ActiveCfg = Release|Any CPU
		{EA2693A4-5623-4E7C-99B7-0B623D8BFE4E}.Release|Any CPU.Build.0 = Release|Any CPU
		{061F8F56-AA89-4F8C-A0E3-6849E9123FB6}.Debug|Any CPU.ActiveCfg = Debug|Any CPU
		{061F8F56-AA89-4F8C-A0E3-6849E9123FB6}.Debug|Any CPU.Build.0 = Debug|Any CPU
		{061F8F56-AA89-4F8C-A0E3-6849E9123FB6}.Release|Any CPU.ActiveCfg = Release|Any CPU
		{061F8F56-AA89-4F8C-A0E3-6849E9123FB6}.Release|Any CPU.Build.0 = Release|Any CPU
		{04C50ABD-EEA6-46A8-B03B-FEEA4DA8C2F4}.Debug|Any CPU.ActiveCfg = Debug|Any CPU
		{04C50ABD-EEA6-46A8-B03B-FEEA4DA8C2F4}.Debug|Any CPU.Build.0 = Debug|Any CPU
		{04C50ABD-EEA6-46A8-B03B-FEEA4DA8C2F4}.Release|Any CPU.ActiveCfg = Release|Any CPU
		{04C50ABD-EEA6-46A8-B03B-FEEA4DA8C2F4}.Release|Any CPU.Build.0 = Release|Any CPU
		{F0655F2F-2E17-4CB9-AE5D-1B34286A9C81}.Debug|Any CPU.ActiveCfg = Debug|Any CPU
		{F0655F2F-2E17-4CB9-AE5D-1B34286A9C81}.Debug|Any CPU.Build.0 = Debug|Any CPU
		{F0655F2F-2E17-4CB9-AE5D-1B34286A9C81}.Release|Any CPU.ActiveCfg = Release|Any CPU
		{F0655F2F-2E17-4CB9-AE5D-1B34286A9C81}.Release|Any CPU.Build.0 = Release|Any CPU
		{81CD03C2-89FF-431B-8470-EE87758BE455}.Debug|Any CPU.ActiveCfg = Debug|Any CPU
		{81CD03C2-89FF-431B-8470-EE87758BE455}.Debug|Any CPU.Build.0 = Debug|Any CPU
		{81CD03C2-89FF-431B-8470-EE87758BE455}.Release|Any CPU.ActiveCfg = Release|Any CPU
		{81CD03C2-89FF-431B-8470-EE87758BE455}.Release|Any CPU.Build.0 = Release|Any CPU
		{12EC10B8-B797-4943-BF3E-CDAA57F36544}.Debug|Any CPU.ActiveCfg = Debug|Any CPU
		{12EC10B8-B797-4943-BF3E-CDAA57F36544}.Debug|Any CPU.Build.0 = Debug|Any CPU
		{12EC10B8-B797-4943-BF3E-CDAA57F36544}.Release|Any CPU.ActiveCfg = Release|Any CPU
		{12EC10B8-B797-4943-BF3E-CDAA57F36544}.Release|Any CPU.Build.0 = Release|Any CPU
		{BB5F226C-928E-4162-87EB-DDE2ADD50791}.Debug|Any CPU.ActiveCfg = Debug|Any CPU
		{BB5F226C-928E-4162-87EB-DDE2ADD50791}.Debug|Any CPU.Build.0 = Debug|Any CPU
		{BB5F226C-928E-4162-87EB-DDE2ADD50791}.Release|Any CPU.ActiveCfg = Release|Any CPU
		{BB5F226C-928E-4162-87EB-DDE2ADD50791}.Release|Any CPU.Build.0 = Release|Any CPU
	EndGlobalSection
	GlobalSection(SolutionProperties) = preSolution
		HideSolutionNode = FALSE
	EndGlobalSection
EndGlobal
