
Microsoft Visual Studio Solution File, Format Version 12.00
# Visual Studio 14
VisualStudioVersion = 14.0.25123.0
MinimumVisualStudioVersion = 10.0.40219.1
Project("{FAE04EC0-301F-11D3-BF4B-00C04F79EFBC}") = "01.SoftUniAirline", "SoftUniAirline\01.SoftUniAirline.csproj", "{A666AB29-B740-43C7-854A-905DF44F0237}"
EndProject
Project("{FAE04EC0-301F-11D3-BF4B-00C04F79EFBC}") = "02.SoftUniWaterSupplies", "SoftUniWaterSupplies\02.SoftUniWaterSupplies.csproj", "{EAA80B52-BE2E-4C54-8703-7FC79126261E}"
EndProject
Project("{FAE04EC0-301F-11D3-BF4B-00C04F79EFBC}") = "03.MatrixOperator", "MatrixOperator\03.MatrixOperator.csproj", "{EEB67C1E-D897-482B-9570-2E37045016B9}"
EndProject
Project("{FAE04EC0-301F-11D3-BF4B-00C04F79EFBC}") = "04.SoftUniCofeeSupplies", "SoftUniCofeeSupplies\04.SoftUniCofeeSupplies.csproj", "{6D2E26BF-4E98-40AE-818C-356252E66EB3}"
EndProject
Global
	GlobalSection(SolutionConfigurationPlatforms) = preSolution
		Debug|Any CPU = Debug|Any CPU
		Release|Any CPU = Release|Any CPU
	EndGlobalSection
	GlobalSection(ProjectConfigurationPlatforms) = postSolution
		{A666AB29-B740-43C7-854A-905DF44F0237}.Debug|Any CPU.ActiveCfg = Debug|Any CPU
		{A666AB29-B740-43C7-854A-905DF44F0237}.Debug|Any CPU.Build.0 = Debug|Any CPU
		{A666AB29-B740-43C7-854A-905DF44F0237}.Release|Any CPU.ActiveCfg = Release|Any CPU
		{A666AB29-B740-43C7-854A-905DF44F0237}.Release|Any CPU.Build.0 = Release|Any CPU
		{EAA80B52-BE2E-4C54-8703-7FC79126261E}.Debug|Any CPU.ActiveCfg = Debug|Any CPU
		{EAA80B52-BE2E-4C54-8703-7FC79126261E}.Debug|Any CPU.Build.0 = Debug|Any CPU
		{EAA80B52-BE2E-4C54-8703-7FC79126261E}.Release|Any CPU.ActiveCfg = Release|Any CPU
		{EAA80B52-BE2E-4C54-8703-7FC79126261E}.Release|Any CPU.Build.0 = Release|Any CPU
		{EEB67C1E-D897-482B-9570-2E37045016B9}.Debug|Any CPU.ActiveCfg = Debug|Any CPU
		{EEB67C1E-D897-482B-9570-2E37045016B9}.Debug|Any CPU.Build.0 = Debug|Any CPU
		{EEB67C1E-D897-482B-9570-2E37045016B9}.Release|Any CPU.ActiveCfg = Release|Any CPU
		{EEB67C1E-D897-482B-9570-2E37045016B9}.Release|Any CPU.Build.0 = Release|Any CPU
		{6D2E26BF-4E98-40AE-818C-356252E66EB3}.Debug|Any CPU.ActiveCfg = Debug|Any CPU
		{6D2E26BF-4E98-40AE-818C-356252E66EB3}.Debug|Any CPU.Build.0 = Debug|Any CPU
		{6D2E26BF-4E98-40AE-818C-356252E66EB3}.Release|Any CPU.ActiveCfg = Release|Any CPU
		{6D2E26BF-4E98-40AE-818C-356252E66EB3}.Release|Any CPU.Build.0 = Release|Any CPU
	EndGlobalSection
	GlobalSection(SolutionProperties) = preSolution
		HideSolutionNode = FALSE
	EndGlobalSection
EndGlobal
